
Microsoft Visual Studio Solution File, Format Version 12.00
# Visual Studio Version 17
VisualStudioVersion = 17.14.36327.8
MinimumVisualStudioVersion = 10.0.40219.1
Project("{FAE04EC0-301F-11D3-BF4B-00C04F79EFBC}") = "L01_Circles", "L01_Circles\L01_Circles.csproj", "{7F11FB3D-AC40-44D6-9A60-00298DA5DE67}"
EndProject
Project("{FAE04EC0-301F-11D3-BF4B-00C04F79EFBC}") = "L00_Lib", "L00_Lib\L00_Lib.csproj", "{44ED8FAD-8878-4554-8600-A90577A6524E}"
EndProject
Project("{D954291E-2A0B-460D-934E-DC6B0785DB48}") = "L00_Lib_Shared", "L00_Lib_Shared\L00_Lib_Shared.shproj", "{A0CDBD0E-3A41-42B7-9425-A838BC2C7383}"
EndProject
Global
	GlobalSection(SolutionConfigurationPlatforms) = preSolution
		Debug|Any CPU = Debug|Any CPU
		Release|Any CPU = Release|Any CPU
	EndGlobalSection
	GlobalSection(ProjectConfigurationPlatforms) = postSolution
		{7F11FB3D-AC40-44D6-9A60-00298DA5DE67}.Debug|Any CPU.ActiveCfg = Debug|Any CPU
		{7F11FB3D-AC40-44D6-9A60-00298DA5DE67}.Debug|Any CPU.Build.0 = Debug|Any CPU
		{7F11FB3D-AC40-44D6-9A60-00298DA5DE67}.Release|Any CPU.ActiveCfg = Release|Any CPU
		{7F11FB3D-AC40-44D6-9A60-00298DA5DE67}.Release|Any CPU.Build.0 = Release|Any CPU
		{44ED8FAD-8878-4554-8600-A90577A6524E}.Debug|Any CPU.ActiveCfg = Debug|Any CPU
		{44ED8FAD-8878-4554-8600-A90577A6524E}.Debug|Any CPU.Build.0 = Debug|Any CPU
		{44ED8FAD-8878-4554-8600-A90577A6524E}.Release|Any CPU.ActiveCfg = Release|Any CPU
		{44ED8FAD-8878-4554-8600-A90577A6524E}.Release|Any CPU.Build.0 = Release|Any CPU
	EndGlobalSection
	GlobalSection(SolutionProperties) = preSolution
		HideSolutionNode = FALSE
	EndGlobalSection
	GlobalSection(ExtensibilityGlobals) = postSolution
		SolutionGuid = {44D32E1B-2DFC-4932-B19B-A0F0EA199A2A}
	EndGlobalSection
	GlobalSection(SharedMSBuildProjectFiles) = preSolution
		L00_Lib_Shared\L00_Lib_Shared.projitems*{7f11fb3d-ac40-44d6-9a60-00298da5de67}*SharedItemsImports = 5
		L00_Lib_Shared\L00_Lib_Shared.projitems*{a0cdbd0e-3a41-42b7-9425-a838bc2c7383}*SharedItemsImports = 13
	EndGlobalSection
EndGlobal
