
Microsoft Visual Studio Solution File, Format Version 12.00
# Visual Studio Version 17
VisualStudioVersion = 17.14.36327.8
MinimumVisualStudioVersion = 10.0.40219.1
Project("{FAE04EC0-301F-11D3-BF4B-00C04F79EFBC}") = "L01_Circles", "L01_Circles\L01_Circles.csproj", "{7F11FB3D-AC40-44D6-9A60-00298DA5DE67}"
EndProject
Project("{FAE04EC0-301F-11D3-BF4B-00C04F79EFBC}") = "L00_Lib", "L00_Lib\L00_Lib.csproj", "{44ED8FAD-8878-4554-8600-A90577A6524E}"
EndProject
Project("{D954291E-2A0B-460D-934E-DC6B0785DB48}") = "L00_Lib_Shared", "L00_Lib_Shared\L00_Lib_Shared.shproj", "{A0CDBD0E-3A41-42B7-9425-A838BC2C7383}"
EndProject
Project("{FAE04EC0-301F-11D3-BF4B-00C04F79EFBC}") = "L02_Circle_Polygon", "L02_Circle_Polygon\L02_Circle_Polygon.csproj", "{3D6587BF-9E76-46B5-90F8-7E2536AF9B21}"
EndProject
Project("{FAE04EC0-301F-11D3-BF4B-00C04F79EFBC}") = "Lib01", "Lib01\Lib01.csproj", "{E5432611-9032-4C32-AB49-F36404B49E5B}"
EndProject
Project("{FAE04EC0-301F-11D3-BF4B-00C04F79EFBC}") = "Lib01_Tests", "Lib01_Tests\Lib01_Tests.csproj", "{8C2D506C-CCCC-4518-953F-FADA7FC8B6B7}"
EndProject
Project("{2150E333-8FDC-42A3-9474-1A3956D46DE8}") = "Lib00", "Lib00", "{02EA681E-C7D8-13C7-8484-4AC65E1B71E8}"
EndProject
Project("{D954291E-2A0B-460D-934E-DC6B0785DB48}") = "Lib01_Shared", "Lib01_Shared\Lib01_Shared.shproj", "{D88469E6-E673-401D-854E-30093E4B8C90}"
EndProject
Project("{FAE04EC0-301F-11D3-BF4B-00C04F79EFBC}") = "Lib01_Circles", "Lib01_Circles\Lib01_Circles.csproj", "{81EAFA98-C745-4ABB-BB46-B0B53A88FF01}"
EndProject
Project("{FAE04EC0-301F-11D3-BF4B-00C04F79EFBC}") = "Lib01_Shows_Host", "Lib01_Shows_Host\Lib01_Shows_Host.csproj", "{209D06DF-CB45-4120-85BC-6075E19D34BE}"
EndProject
Global
	GlobalSection(SolutionConfigurationPlatforms) = preSolution
		Debug|Any CPU = Debug|Any CPU
		Release|Any CPU = Release|Any CPU
	EndGlobalSection
	GlobalSection(ProjectConfigurationPlatforms) = postSolution
		{7F11FB3D-AC40-44D6-9A60-00298DA5DE67}.Debug|Any CPU.ActiveCfg = Debug|Any CPU
		{7F11FB3D-AC40-44D6-9A60-00298DA5DE67}.Debug|Any CPU.Build.0 = Debug|Any CPU
		{7F11FB3D-AC40-44D6-9A60-00298DA5DE67}.Release|Any CPU.ActiveCfg = Release|Any CPU
		{7F11FB3D-AC40-44D6-9A60-00298DA5DE67}.Release|Any CPU.Build.0 = Release|Any CPU
		{44ED8FAD-8878-4554-8600-A90577A6524E}.Debug|Any CPU.ActiveCfg = Debug|Any CPU
		{44ED8FAD-8878-4554-8600-A90577A6524E}.Debug|Any CPU.Build.0 = Debug|Any CPU
		{44ED8FAD-8878-4554-8600-A90577A6524E}.Release|Any CPU.ActiveCfg = Release|Any CPU
		{44ED8FAD-8878-4554-8600-A90577A6524E}.Release|Any CPU.Build.0 = Release|Any CPU
		{3D6587BF-9E76-46B5-90F8-7E2536AF9B21}.Debug|Any CPU.ActiveCfg = Debug|Any CPU
		{3D6587BF-9E76-46B5-90F8-7E2536AF9B21}.Debug|Any CPU.Build.0 = Debug|Any CPU
		{3D6587BF-9E76-46B5-90F8-7E2536AF9B21}.Release|Any CPU.ActiveCfg = Release|Any CPU
		{3D6587BF-9E76-46B5-90F8-7E2536AF9B21}.Release|Any CPU.Build.0 = Release|Any CPU
		{E5432611-9032-4C32-AB49-F36404B49E5B}.Debug|Any CPU.ActiveCfg = Debug|Any CPU
		{E5432611-9032-4C32-AB49-F36404B49E5B}.Debug|Any CPU.Build.0 = Debug|Any CPU
		{E5432611-9032-4C32-AB49-F36404B49E5B}.Release|Any CPU.ActiveCfg = Release|Any CPU
		{E5432611-9032-4C32-AB49-F36404B49E5B}.Release|Any CPU.Build.0 = Release|Any CPU
		{8C2D506C-CCCC-4518-953F-FADA7FC8B6B7}.Debug|Any CPU.ActiveCfg = Debug|Any CPU
		{8C2D506C-CCCC-4518-953F-FADA7FC8B6B7}.Debug|Any CPU.Build.0 = Debug|Any CPU
		{8C2D506C-CCCC-4518-953F-FADA7FC8B6B7}.Release|Any CPU.ActiveCfg = Release|Any CPU
		{8C2D506C-CCCC-4518-953F-FADA7FC8B6B7}.Release|Any CPU.Build.0 = Release|Any CPU
		{81EAFA98-C745-4ABB-BB46-B0B53A88FF01}.Debug|Any CPU.ActiveCfg = Debug|Any CPU
		{81EAFA98-C745-4ABB-BB46-B0B53A88FF01}.Debug|Any CPU.Build.0 = Debug|Any CPU
		{81EAFA98-C745-4ABB-BB46-B0B53A88FF01}.Release|Any CPU.ActiveCfg = Release|Any CPU
		{81EAFA98-C745-4ABB-BB46-B0B53A88FF01}.Release|Any CPU.Build.0 = Release|Any CPU
		{209D06DF-CB45-4120-85BC-6075E19D34BE}.Debug|Any CPU.ActiveCfg = Debug|Any CPU
		{209D06DF-CB45-4120-85BC-6075E19D34BE}.Debug|Any CPU.Build.0 = Debug|Any CPU
		{209D06DF-CB45-4120-85BC-6075E19D34BE}.Release|Any CPU.ActiveCfg = Release|Any CPU
		{209D06DF-CB45-4120-85BC-6075E19D34BE}.Release|Any CPU.Build.0 = Release|Any CPU
	EndGlobalSection
	GlobalSection(SolutionProperties) = preSolution
		HideSolutionNode = FALSE
	EndGlobalSection
	GlobalSection(NestedProjects) = preSolution
		{7F11FB3D-AC40-44D6-9A60-00298DA5DE67} = {02EA681E-C7D8-13C7-8484-4AC65E1B71E8}
		{44ED8FAD-8878-4554-8600-A90577A6524E} = {02EA681E-C7D8-13C7-8484-4AC65E1B71E8}
		{A0CDBD0E-3A41-42B7-9425-A838BC2C7383} = {02EA681E-C7D8-13C7-8484-4AC65E1B71E8}
		{3D6587BF-9E76-46B5-90F8-7E2536AF9B21} = {02EA681E-C7D8-13C7-8484-4AC65E1B71E8}
	EndGlobalSection
	GlobalSection(ExtensibilityGlobals) = postSolution
		SolutionGuid = {44D32E1B-2DFC-4932-B19B-A0F0EA199A2A}
	EndGlobalSection
	GlobalSection(SharedMSBuildProjectFiles) = preSolution
		Lib01_Shared\Lib01_Shared.projitems*{209d06df-cb45-4120-85bc-6075e19d34be}*SharedItemsImports = 5
		L00_Lib_Shared\L00_Lib_Shared.projitems*{3d6587bf-9e76-46b5-90f8-7e2536af9b21}*SharedItemsImports = 5
		L00_Lib_Shared\L00_Lib_Shared.projitems*{7f11fb3d-ac40-44d6-9a60-00298da5de67}*SharedItemsImports = 5
		Lib01_Shared\Lib01_Shared.projitems*{81eafa98-c745-4abb-bb46-b0b53a88ff01}*SharedItemsImports = 5
		Lib01_Shared\Lib01_Shared.projitems*{8c2d506c-cccc-4518-953f-fada7fc8b6b7}*SharedItemsImports = 5
		L00_Lib_Shared\L00_Lib_Shared.projitems*{a0cdbd0e-3a41-42b7-9425-a838bc2c7383}*SharedItemsImports = 13
		Lib01_Shared\Lib01_Shared.projitems*{d88469e6-e673-401d-854e-30093e4b8c90}*SharedItemsImports = 13
	EndGlobalSection
EndGlobal
